
Microsoft Visual Studio Solution File, Format Version 12.00
# Visual Studio Version 17
VisualStudioVersion = 17.8.34330.188
MinimumVisualStudioVersion = 10.0.40219.1
Project("{FAE04EC0-301F-11D3-BF4B-00C04F79EFBC}") = "VeloMax", "VeloMax.csproj", "{528CB07E-1EDD-4FA3-98F9-6987EACBC81D}"
EndProject
Global
	GlobalSection(SolutionConfigurationPlatforms) = preSolution
		Debug|Any CPU = Debug|Any CPU
		Release|Any CPU = Release|Any CPU
	EndGlobalSection
	GlobalSection(ProjectConfigurationPlatforms) = postSolution
		{528CB07E-1EDD-4FA3-98F9-6987EACBC81D}.Debug|Any CPU.ActiveCfg = Debug|Any CPU
		{528CB07E-1EDD-4FA3-98F9-6987EACBC81D}.Debug|Any CPU.Build.0 = Debug|Any CPU
		{528CB07E-1EDD-4FA3-98F9-6987EACBC81D}.Release|Any CPU.ActiveCfg = Release|Any CPU
		{528CB07E-1EDD-4FA3-98F9-6987EACBC81D}.Release|Any CPU.Build.0 = Release|Any CPU
	EndGlobalSection
	GlobalSection(SolutionProperties) = preSolution
		HideSolutionNode = FALSE
	EndGlobalSection
	GlobalSection(ExtensibilityGlobals) = postSolution
		SolutionGuid = {629B8B89-CEB9-4D52-93F0-6A55AA4B5DCC}
	EndGlobalSection
EndGlobal
